
Microsoft Visual Studio Solution File, Format Version 12.00
# Visual Studio Version 16
VisualStudioVersion = 16.0.30503.244
MinimumVisualStudioVersion = 10.0.40219.1
Project("{FAE04EC0-301F-11D3-BF4B-00C04F79EFBC}") = "XFApp_NossoChat.UWP", "XFApp_NossoChat\XFApp_NossoChat.UWP\XFApp_NossoChat.UWP.csproj", "{61FF7E7D-07EB-4DAD-B3B4-308BBCD81A94}"
EndProject
Project("{FAE04EC0-301F-11D3-BF4B-00C04F79EFBC}") = "XFApp_NossoChat.Android", "XFApp_NossoChat\XFApp_NossoChat.Android\XFApp_NossoChat.Android.csproj", "{022DE168-0EB5-47C0-ABE7-0F2E85B9A50A}"
EndProject
Project("{FAE04EC0-301F-11D3-BF4B-00C04F79EFBC}") = "XFApp_NossoChat.iOS", "XFApp_NossoChat\XFApp_NossoChat.iOS\XFApp_NossoChat.iOS.csproj", "{B329BBF9-89FA-4249-B361-A62DCF1C557B}"
EndProject
Project("{FAE04EC0-301F-11D3-BF4B-00C04F79EFBC}") = "XFApp_NossoChat", "XFApp_NossoChat\XFApp_NossoChat\XFApp_NossoChat.csproj", "{5906326F-8C57-4334-9219-19FE451A58DD}"
EndProject
Global
	GlobalSection(SolutionConfigurationPlatforms) = preSolution
		Debug|Any CPU = Debug|Any CPU
		Debug|ARM = Debug|ARM
		Debug|iPhone = Debug|iPhone
		Debug|iPhoneSimulator = Debug|iPhoneSimulator
		Debug|x64 = Debug|x64
		Debug|x86 = Debug|x86
		Release|Any CPU = Release|Any CPU
		Release|ARM = Release|ARM
		Release|iPhone = Release|iPhone
		Release|iPhoneSimulator = Release|iPhoneSimulator
		Release|x64 = Release|x64
		Release|x86 = Release|x86
	EndGlobalSection
	GlobalSection(ProjectConfigurationPlatforms) = postSolution
		{61FF7E7D-07EB-4DAD-B3B4-308BBCD81A94}.Debug|Any CPU.ActiveCfg = Debug|x86
		{61FF7E7D-07EB-4DAD-B3B4-308BBCD81A94}.Debug|Any CPU.Build.0 = Debug|x86
		{61FF7E7D-07EB-4DAD-B3B4-308BBCD81A94}.Debug|Any CPU.Deploy.0 = Debug|x86
		{61FF7E7D-07EB-4DAD-B3B4-308BBCD81A94}.Debug|ARM.ActiveCfg = Debug|ARM
		{61FF7E7D-07EB-4DAD-B3B4-308BBCD81A94}.Debug|ARM.Build.0 = Debug|ARM
		{61FF7E7D-07EB-4DAD-B3B4-308BBCD81A94}.Debug|ARM.Deploy.0 = Debug|ARM
		{61FF7E7D-07EB-4DAD-B3B4-308BBCD81A94}.Debug|iPhone.ActiveCfg = Debug|x86
		{61FF7E7D-07EB-4DAD-B3B4-308BBCD81A94}.Debug|iPhone.Build.0 = Debug|x86
		{61FF7E7D-07EB-4DAD-B3B4-308BBCD81A94}.Debug|iPhone.Deploy.0 = Debug|x86
		{61FF7E7D-07EB-4DAD-B3B4-308BBCD81A94}.Debug|iPhoneSimulator.ActiveCfg = Debug|x86
		{61FF7E7D-07EB-4DAD-B3B4-308BBCD81A94}.Debug|iPhoneSimulator.Build.0 = Debug|x86
		{61FF7E7D-07EB-4DAD-B3B4-308BBCD81A94}.Debug|iPhoneSimulator.Deploy.0 = Debug|x86
		{61FF7E7D-07EB-4DAD-B3B4-308BBCD81A94}.Debug|x64.ActiveCfg = Debug|x64
		{61FF7E7D-07EB-4DAD-B3B4-308BBCD81A94}.Debug|x64.Build.0 = Debug|x64
		{61FF7E7D-07EB-4DAD-B3B4-308BBCD81A94}.Debug|x64.Deploy.0 = Debug|x64
		{61FF7E7D-07EB-4DAD-B3B4-308BBCD81A94}.Debug|x86.ActiveCfg = Debug|x86
		{61FF7E7D-07EB-4DAD-B3B4-308BBCD81A94}.Debug|x86.Build.0 = Debug|x86
		{61FF7E7D-07EB-4DAD-B3B4-308BBCD81A94}.Debug|x86.Deploy.0 = Debug|x86
		{61FF7E7D-07EB-4DAD-B3B4-308BBCD81A94}.Release|Any CPU.ActiveCfg = Release|x86
		{61FF7E7D-07EB-4DAD-B3B4-308BBCD81A94}.Release|Any CPU.Build.0 = Release|x86
		{61FF7E7D-07EB-4DAD-B3B4-308BBCD81A94}.Release|Any CPU.Deploy.0 = Release|x86
		{61FF7E7D-07EB-4DAD-B3B4-308BBCD81A94}.Release|ARM.ActiveCfg = Release|ARM
		{61FF7E7D-07EB-4DAD-B3B4-308BBCD81A94}.Release|ARM.Build.0 = Release|ARM
		{61FF7E7D-07EB-4DAD-B3B4-308BBCD81A94}.Release|ARM.Deploy.0 = Release|ARM
		{61FF7E7D-07EB-4DAD-B3B4-308BBCD81A94}.Release|iPhone.ActiveCfg = Release|x86
		{61FF7E7D-07EB-4DAD-B3B4-308BBCD81A94}.Release|iPhone.Build.0 = Release|x86
		{61FF7E7D-07EB-4DAD-B3B4-308BBCD81A94}.Release|iPhone.Deploy.0 = Release|x86
		{61FF7E7D-07EB-4DAD-B3B4-308BBCD81A94}.Release|iPhoneSimulator.ActiveCfg = Release|x86
		{61FF7E7D-07EB-4DAD-B3B4-308BBCD81A94}.Release|iPhoneSimulator.Build.0 = Release|x86
		{61FF7E7D-07EB-4DAD-B3B4-308BBCD81A94}.Release|iPhoneSimulator.Deploy.0 = Release|x86
		{61FF7E7D-07EB-4DAD-B3B4-308BBCD81A94}.Release|x64.ActiveCfg = Release|x64
		{61FF7E7D-07EB-4DAD-B3B4-308BBCD81A94}.Release|x64.Build.0 = Release|x64
		{61FF7E7D-07EB-4DAD-B3B4-308BBCD81A94}.Release|x64.Deploy.0 = Release|x64
		{61FF7E7D-07EB-4DAD-B3B4-308BBCD81A94}.Release|x86.ActiveCfg = Release|x86
		{61FF7E7D-07EB-4DAD-B3B4-308BBCD81A94}.Release|x86.Build.0 = Release|x86
		{61FF7E7D-07EB-4DAD-B3B4-308BBCD81A94}.Release|x86.Deploy.0 = Release|x86
		{022DE168-0EB5-47C0-ABE7-0F2E85B9A50A}.Debug|Any CPU.ActiveCfg = Debug|Any CPU
		{022DE168-0EB5-47C0-ABE7-0F2E85B9A50A}.Debug|Any CPU.Build.0 = Debug|Any CPU
		{022DE168-0EB5-47C0-ABE7-0F2E85B9A50A}.Debug|Any CPU.Deploy.0 = Debug|Any CPU
		{022DE168-0EB5-47C0-ABE7-0F2E85B9A50A}.Debug|ARM.ActiveCfg = Debug|Any CPU
		{022DE168-0EB5-47C0-ABE7-0F2E85B9A50A}.Debug|ARM.Build.0 = Debug|Any CPU
		{022DE168-0EB5-47C0-ABE7-0F2E85B9A50A}.Debug|ARM.Deploy.0 = Debug|Any CPU
		{022DE168-0EB5-47C0-ABE7-0F2E85B9A50A}.Debug|iPhone.ActiveCfg = Debug|Any CPU
		{022DE168-0EB5-47C0-ABE7-0F2E85B9A50A}.Debug|iPhone.Build.0 = Debug|Any CPU
		{022DE168-0EB5-47C0-ABE7-0F2E85B9A50A}.Debug|iPhone.Deploy.0 = Debug|Any CPU
		{022DE168-0EB5-47C0-ABE7-0F2E85B9A50A}.Debug|iPhoneSimulator.ActiveCfg = Debug|Any CPU
		{022DE168-0EB5-47C0-ABE7-0F2E85B9A50A}.Debug|iPhoneSimulator.Build.0 = Debug|Any CPU
		{022DE168-0EB5-47C0-ABE7-0F2E85B9A50A}.Debug|iPhoneSimulator.Deploy.0 = Debug|Any CPU
		{022DE168-0EB5-47C0-ABE7-0F2E85B9A50A}.Debug|x64.ActiveCfg = Debug|Any CPU
		{022DE168-0EB5-47C0-ABE7-0F2E85B9A50A}.Debug|x64.Build.0 = Debug|Any CPU
		{022DE168-0EB5-47C0-ABE7-0F2E85B9A50A}.Debug|x64.Deploy.0 = Debug|Any CPU
		{022DE168-0EB5-47C0-ABE7-0F2E85B9A50A}.Debug|x86.ActiveCfg = Debug|Any CPU
		{022DE168-0EB5-47C0-ABE7-0F2E85B9A50A}.Debug|x86.Build.0 = Debug|Any CPU
		{022DE168-0EB5-47C0-ABE7-0F2E85B9A50A}.Debug|x86.Deploy.0 = Debug|Any CPU
		{022DE168-0EB5-47C0-ABE7-0F2E85B9A50A}.Release|Any CPU.ActiveCfg = Release|Any CPU
		{022DE168-0EB5-47C0-ABE7-0F2E85B9A50A}.Release|Any CPU.Build.0 = Release|Any CPU
		{022DE168-0EB5-47C0-ABE7-0F2E85B9A50A}.Release|Any CPU.Deploy.0 = Release|Any CPU
		{022DE168-0EB5-47C0-ABE7-0F2E85B9A50A}.Release|ARM.ActiveCfg = Release|Any CPU
		{022DE168-0EB5-47C0-ABE7-0F2E85B9A50A}.Release|ARM.Build.0 = Release|Any CPU
		{022DE168-0EB5-47C0-ABE7-0F2E85B9A50A}.Release|ARM.Deploy.0 = Release|Any CPU
		{022DE168-0EB5-47C0-ABE7-0F2E85B9A50A}.Release|iPhone.ActiveCfg = Release|Any CPU
		{022DE168-0EB5-47C0-ABE7-0F2E85B9A50A}.Release|iPhone.Build.0 = Release|Any CPU
		{022DE168-0EB5-47C0-ABE7-0F2E85B9A50A}.Release|iPhone.Deploy.0 = Release|Any CPU
		{022DE168-0EB5-47C0-ABE7-0F2E85B9A50A}.Release|iPhoneSimulator.ActiveCfg = Release|Any CPU
		{022DE168-0EB5-47C0-ABE7-0F2E85B9A50A}.Release|iPhoneSimulator.Build.0 = Release|Any CPU
		{022DE168-0EB5-47C0-ABE7-0F2E85B9A50A}.Release|iPhoneSimulator.Deploy.0 = Release|Any CPU
		{022DE168-0EB5-47C0-ABE7-0F2E85B9A50A}.Release|x64.ActiveCfg = Release|Any CPU
		{022DE168-0EB5-47C0-ABE7-0F2E85B9A50A}.Release|x64.Build.0 = Release|Any CPU
		{022DE168-0EB5-47C0-ABE7-0F2E85B9A50A}.Release|x64.Deploy.0 = Release|Any CPU
		{022DE168-0EB5-47C0-ABE7-0F2E85B9A50A}.Release|x86.ActiveCfg = Release|Any CPU
		{022DE168-0EB5-47C0-ABE7-0F2E85B9A50A}.Release|x86.Build.0 = Release|Any CPU
		{022DE168-0EB5-47C0-ABE7-0F2E85B9A50A}.Release|x86.Deploy.0 = Release|Any CPU
		{B329BBF9-89FA-4249-B361-A62DCF1C557B}.Debug|Any CPU.ActiveCfg = Debug|iPhoneSimulator
		{B329BBF9-89FA-4249-B361-A62DCF1C557B}.Debug|Any CPU.Build.0 = Debug|iPhoneSimulator
		{B329BBF9-89FA-4249-B361-A62DCF1C557B}.Debug|Any CPU.Deploy.0 = Debug|iPhoneSimulator
		{B329BBF9-89FA-4249-B361-A62DCF1C557B}.Debug|ARM.ActiveCfg = Debug|iPhone
		{B329BBF9-89FA-4249-B361-A62DCF1C557B}.Debug|ARM.Build.0 = Debug|iPhone
		{B329BBF9-89FA-4249-B361-A62DCF1C557B}.Debug|ARM.Deploy.0 = Debug|iPhone
		{B329BBF9-89FA-4249-B361-A62DCF1C557B}.Debug|iPhone.ActiveCfg = Debug|iPhone
		{B329BBF9-89FA-4249-B361-A62DCF1C557B}.Debug|iPhone.Build.0 = Debug|iPhone
		{B329BBF9-89FA-4249-B361-A62DCF1C557B}.Debug|iPhone.Deploy.0 = Debug|iPhone
		{B329BBF9-89FA-4249-B361-A62DCF1C557B}.Debug|iPhoneSimulator.ActiveCfg = Debug|iPhoneSimulator
		{B329BBF9-89FA-4249-B361-A62DCF1C557B}.Debug|iPhoneSimulator.Build.0 = Debug|iPhoneSimulator
		{B329BBF9-89FA-4249-B361-A62DCF1C557B}.Debug|iPhoneSimulator.Deploy.0 = Debug|iPhoneSimulator
		{B329BBF9-89FA-4249-B361-A62DCF1C557B}.Debug|x64.ActiveCfg = Debug|iPhoneSimulator
		{B329BBF9-89FA-4249-B361-A62DCF1C557B}.Debug|x64.Build.0 = Debug|iPhoneSimulator
		{B329BBF9-89FA-4249-B361-A62DCF1C557B}.Debug|x64.Deploy.0 = Debug|iPhoneSimulator
		{B329BBF9-89FA-4249-B361-A62DCF1C557B}.Debug|x86.ActiveCfg = Debug|iPhoneSimulator
		{B329BBF9-89FA-4249-B361-A62DCF1C557B}.Debug|x86.Build.0 = Debug|iPhoneSimulator
		{B329BBF9-89FA-4249-B361-A62DCF1C557B}.Debug|x86.Deploy.0 = Debug|iPhoneSimulator
		{B329BBF9-89FA-4249-B361-A62DCF1C557B}.Release|Any CPU.ActiveCfg = Release|iPhoneSimulator
		{B329BBF9-89FA-4249-B361-A62DCF1C557B}.Release|Any CPU.Build.0 = Release|iPhoneSimulator
		{B329BBF9-89FA-4249-B361-A62DCF1C557B}.Release|Any CPU.Deploy.0 = Release|iPhoneSimulator
		{B329BBF9-89FA-4249-B361-A62DCF1C557B}.Release|ARM.ActiveCfg = Release|iPhoneSimulator
		{B329BBF9-89FA-4249-B361-A62DCF1C557B}.Release|ARM.Build.0 = Release|iPhoneSimulator
		{B329BBF9-89FA-4249-B361-A62DCF1C557B}.Release|ARM.Deploy.0 = Release|iPhoneSimulator
		{B329BBF9-89FA-4249-B361-A62DCF1C557B}.Release|iPhone.ActiveCfg = Release|iPhone
		{B329BBF9-89FA-4249-B361-A62DCF1C557B}.Release|iPhone.Build.0 = Release|iPhone
		{B329BBF9-89FA-4249-B361-A62DCF1C557B}.Release|iPhone.Deploy.0 = Release|iPhone
		{B329BBF9-89FA-4249-B361-A62DCF1C557B}.Release|iPhoneSimulator.ActiveCfg = Release|iPhoneSimulator
		{B329BBF9-89FA-4249-B361-A62DCF1C557B}.Release|iPhoneSimulator.Build.0 = Release|iPhoneSimulator
		{B329BBF9-89FA-4249-B361-A62DCF1C557B}.Release|iPhoneSimulator.Deploy.0 = Release|iPhoneSimulator
		{B329BBF9-89FA-4249-B361-A62DCF1C557B}.Release|x64.ActiveCfg = Release|iPhoneSimulator
		{B329BBF9-89FA-4249-B361-A62DCF1C557B}.Release|x64.Build.0 = Release|iPhoneSimulator
		{B329BBF9-89FA-4249-B361-A62DCF1C557B}.Release|x64.Deploy.0 = Release|iPhoneSimulator
		{B329BBF9-89FA-4249-B361-A62DCF1C557B}.Release|x86.ActiveCfg = Release|iPhoneSimulator
		{B329BBF9-89FA-4249-B361-A62DCF1C557B}.Release|x86.Build.0 = Release|iPhoneSimulator
		{B329BBF9-89FA-4249-B361-A62DCF1C557B}.Release|x86.Deploy.0 = Release|iPhoneSimulator
		{5906326F-8C57-4334-9219-19FE451A58DD}.Debug|Any CPU.ActiveCfg = Debug|Any CPU
		{5906326F-8C57-4334-9219-19FE451A58DD}.Debug|Any CPU.Build.0 = Debug|Any CPU
		{5906326F-8C57-4334-9219-19FE451A58DD}.Debug|Any CPU.Deploy.0 = Debug|Any CPU
		{5906326F-8C57-4334-9219-19FE451A58DD}.Debug|ARM.ActiveCfg = Debug|Any CPU
		{5906326F-8C57-4334-9219-19FE451A58DD}.Debug|ARM.Build.0 = Debug|Any CPU
		{5906326F-8C57-4334-9219-19FE451A58DD}.Debug|ARM.Deploy.0 = Debug|Any CPU
		{5906326F-8C57-4334-9219-19FE451A58DD}.Debug|iPhone.ActiveCfg = Debug|Any CPU
		{5906326F-8C57-4334-9219-19FE451A58DD}.Debug|iPhone.Build.0 = Debug|Any CPU
		{5906326F-8C57-4334-9219-19FE451A58DD}.Debug|iPhone.Deploy.0 = Debug|Any CPU
		{5906326F-8C57-4334-9219-19FE451A58DD}.Debug|iPhoneSimulator.ActiveCfg = Debug|Any CPU
		{5906326F-8C57-4334-9219-19FE451A58DD}.Debug|iPhoneSimulator.Build.0 = Debug|Any CPU
		{5906326F-8C57-4334-9219-19FE451A58DD}.Debug|iPhoneSimulator.Deploy.0 = Debug|Any CPU
		{5906326F-8C57-4334-9219-19FE451A58DD}.Debug|x64.ActiveCfg = Debug|Any CPU
		{5906326F-8C57-4334-9219-19FE451A58DD}.Debug|x64.Build.0 = Debug|Any CPU
		{5906326F-8C57-4334-9219-19FE451A58DD}.Debug|x64.Deploy.0 = Debug|Any CPU
		{5906326F-8C57-4334-9219-19FE451A58DD}.Debug|x86.ActiveCfg = Debug|Any CPU
		{5906326F-8C57-4334-9219-19FE451A58DD}.Debug|x86.Build.0 = Debug|Any CPU
		{5906326F-8C57-4334-9219-19FE451A58DD}.Debug|x86.Deploy.0 = Debug|Any CPU
		{5906326F-8C57-4334-9219-19FE451A58DD}.Release|Any CPU.ActiveCfg = Release|Any CPU
		{5906326F-8C57-4334-9219-19FE451A58DD}.Release|Any CPU.Build.0 = Release|Any CPU
		{5906326F-8C57-4334-9219-19FE451A58DD}.Release|Any CPU.Deploy.0 = Release|Any CPU
		{5906326F-8C57-4334-9219-19FE451A58DD}.Release|ARM.ActiveCfg = Release|Any CPU
		{5906326F-8C57-4334-9219-19FE451A58DD}.Release|ARM.Build.0 = Release|Any CPU
		{5906326F-8C57-4334-9219-19FE451A58DD}.Release|ARM.Deploy.0 = Release|Any CPU
		{5906326F-8C57-4334-9219-19FE451A58DD}.Release|iPhone.ActiveCfg = Release|Any CPU
		{5906326F-8C57-4334-9219-19FE451A58DD}.Release|iPhone.Build.0 = Release|Any CPU
		{5906326F-8C57-4334-9219-19FE451A58DD}.Release|iPhone.Deploy.0 = Release|Any CPU
		{5906326F-8C57-4334-9219-19FE451A58DD}.Release|iPhoneSimulator.ActiveCfg = Release|Any CPU
		{5906326F-8C57-4334-9219-19FE451A58DD}.Release|iPhoneSimulator.Build.0 = Release|Any CPU
		{5906326F-8C57-4334-9219-19FE451A58DD}.Release|iPhoneSimulator.Deploy.0 = Release|Any CPU
		{5906326F-8C57-4334-9219-19FE451A58DD}.Release|x64.ActiveCfg = Release|Any CPU
		{5906326F-8C57-4334-9219-19FE451A58DD}.Release|x64.Build.0 = Release|Any CPU
		{5906326F-8C57-4334-9219-19FE451A58DD}.Release|x64.Deploy.0 = Release|Any CPU
		{5906326F-8C57-4334-9219-19FE451A58DD}.Release|x86.ActiveCfg = Release|Any CPU
		{5906326F-8C57-4334-9219-19FE451A58DD}.Release|x86.Build.0 = Release|Any CPU
		{5906326F-8C57-4334-9219-19FE451A58DD}.Release|x86.Deploy.0 = Release|Any CPU
	EndGlobalSection
	GlobalSection(SolutionProperties) = preSolution
		HideSolutionNode = FALSE
	EndGlobalSection
	GlobalSection(ExtensibilityGlobals) = postSolution
		SolutionGuid = {D4EEE3D6-E12B-4859-86DA-33886E2AB43C}
	EndGlobalSection
EndGlobal
